
Microsoft Visual Studio Solution File, Format Version 12.00
# Visual Studio Version 16
VisualStudioVersion = 16.0.28922.388
MinimumVisualStudioVersion = 10.0.40219.1
Project("{FAE04EC0-301F-11D3-BF4B-00C04F79EFBC}") = "DemoProject", "demo.mdi.ais\DemoProject.csproj", "{EEEB8BA9-3B02-476F-A7C9-7A0ABB8B098C}"
EndProject
Project("{FAE04EC0-301F-11D3-BF4B-00C04F79EFBC}") = "HistoryFramework", "HistoryFramework\HistoryFramework.csproj", "{C1F95438-0BA4-4BD1-A90E-8B280772F971}"
EndProject
Project("{2150E333-8FDC-42A3-9474-1A3956D46DE8}") = "Solution Items", "Solution Items", "{CC34FE97-128E-4F27-83BD-E9FBEE4F6218}"
	ProjectSection(SolutionItems) = preProject
		LICENSE.md = LICENSE.md
		README-RU.md = README-RU.md
		README.md = README.md
	EndProjectSection
EndProject
Global
	GlobalSection(SolutionConfigurationPlatforms) = preSolution
		Debug|Any CPU = Debug|Any CPU
		Release|Any CPU = Release|Any CPU
	EndGlobalSection
	GlobalSection(ProjectConfigurationPlatforms) = postSolution
		{EEEB8BA9-3B02-476F-A7C9-7A0ABB8B098C}.Debug|Any CPU.ActiveCfg = Debug|Any CPU
		{EEEB8BA9-3B02-476F-A7C9-7A0ABB8B098C}.Debug|Any CPU.Build.0 = Debug|Any CPU
		{EEEB8BA9-3B02-476F-A7C9-7A0ABB8B098C}.Release|Any CPU.ActiveCfg = Release|Any CPU
		{EEEB8BA9-3B02-476F-A7C9-7A0ABB8B098C}.Release|Any CPU.Build.0 = Release|Any CPU
		{C1F95438-0BA4-4BD1-A90E-8B280772F971}.Debug|Any CPU.ActiveCfg = Debug|Any CPU
		{C1F95438-0BA4-4BD1-A90E-8B280772F971}.Debug|Any CPU.Build.0 = Debug|Any CPU
		{C1F95438-0BA4-4BD1-A90E-8B280772F971}.Release|Any CPU.ActiveCfg = Release|Any CPU
		{C1F95438-0BA4-4BD1-A90E-8B280772F971}.Release|Any CPU.Build.0 = Release|Any CPU
	EndGlobalSection
	GlobalSection(SolutionProperties) = preSolution
		HideSolutionNode = FALSE
	EndGlobalSection
	GlobalSection(ExtensibilityGlobals) = postSolution
		SolutionGuid = {AE9BFF01-712E-4158-BDC2-8987BD069DA5}
	EndGlobalSection
EndGlobal
